# THIS IS AN AUTOGENERATED FILE. DO NOT EDIT THIS FILE DIRECTLY.
# yarn lockfile v1


collect.js@^4.20.3:
  version "4.20.3"
  resolved "https://registry.yarnpkg.com/collect.js/-/collect.js-4.20.3.tgz#fb8c98fbf7f042519f3ee7366a5b674e73de1cd4"
  integrity sha512-sPNxjntNe7GHszjcH3zWdyLQVYMRlK9uWnRGtnUsuCpHM/iUbqKSDeUail06hmwgQP7otIJEZwrSJScGxZ5XEg==
